// !$*UTF8*$!
{
	archiveVersion = 1;
	classes = {
	};
	objectVersion = 50;
	objects = {

/* Begin PBXBuildFile section */
		665BE6DD24A7CF3700C5BA19 /* AddEditTaskViewController.swift in Sources */ = {isa = PBXBuildFile; fileRef = 665BE6DC24A7CF3700C5BA19 /* AddEditTaskViewController.swift */; };
		669359C824A9AC600036F8C1 /* FolderTableViewController.swift in Sources */ = {isa = PBXBuildFile; fileRef = 669359C724A9AC600036F8C1 /* FolderTableViewController.swift */; };
		66F898BF24A84D41003ADFBB /* MoveToViewController.swift in Sources */ = {isa = PBXBuildFile; fileRef = 66F898BE24A84D41003ADFBB /* MoveToViewController.swift */; };
		7D3B0F5124A52A04008BB89E /* AppDelegate.swift in Sources */ = {isa = PBXBuildFile; fileRef = 7D3B0F5024A52A04008BB89E /* AppDelegate.swift */; };
		7D3B0F5324A52A04008BB89E /* SceneDelegate.swift in Sources */ = {isa = PBXBuildFile; fileRef = 7D3B0F5224A52A04008BB89E /* SceneDelegate.swift */; };
		7D3B0F5524A52A04008BB89E /* TaskViewController.swift in Sources */ = {isa = PBXBuildFile; fileRef = 7D3B0F5424A52A04008BB89E /* TaskViewController.swift */; };
		7D3B0F5824A52A04008BB89E /* Main.storyboard in Resources */ = {isa = PBXBuildFile; fileRef = 7D3B0F5624A52A04008BB89E /* Main.storyboard */; };
		7D3B0F5B24A52A04008BB89E /* todo_Varinder_C0779368.xcdatamodeld in Sources */ = {isa = PBXBuildFile; fileRef = 7D3B0F5924A52A04008BB89E /* todo_Varinder_C0779368.xcdatamodeld */; };
		7D3B0F5D24A52A05008BB89E /* Assets.xcassets in Resources */ = {isa = PBXBuildFile; fileRef = 7D3B0F5C24A52A05008BB89E /* Assets.xcassets */; };
		7D3B0F6024A52A05008BB89E /* LaunchScreen.storyboard in Resources */ = {isa = PBXBuildFile; fileRef = 7D3B0F5E24A52A05008BB89E /* LaunchScreen.storyboard */; };
		7D3B0F6B24A52A06008BB89E /* todo_Varinder_C0779368Tests.swift in Sources */ = {isa = PBXBuildFile; fileRef = 7D3B0F6A24A52A06008BB89E /* todo_Varinder_C0779368Tests.swift */; };
		7D3B0F7624A52A06008BB89E /* todo_Varinder_C0779368UITests.swift in Sources */ = {isa = PBXBuildFile; fileRef = 7D3B0F7524A52A06008BB89E /* todo_Varinder_C0779368UITests.swift */; };
/* End PBXBuildFile section */

/* Begin PBXContainerItemProxy section */
		7D3B0F6724A52A06008BB89E /* PBXContainerItemProxy */ = {
			isa = PBXContainerItemProxy;
			containerPortal = 7D3B0F4524A52A04008BB89E /* Project object */;
			proxyType = 1;
			remoteGlobalIDString = 7D3B0F4C24A52A04008BB89E;
			remoteInfo = todo_Varinder_C0779368;
		};
		7D3B0F7224A52A06008BB89E /* PBXContainerItemProxy */ = {
			isa = PBXContainerItemProxy;
			containerPortal = 7D3B0F4524A52A04008BB89E /* Project object */;
			proxyType = 1;
			remoteGlobalIDString = 7D3B0F4C24A52A04008BB89E;
			remoteInfo = todo_Varinder_C0779368;
		};
/* End PBXContainerItemProxy section */

/* Begin PBXFileReference section */
		665BE6DC24A7CF3700C5BA19 /* AddEditTaskViewController.swift */ = {isa = PBXFileReference; lastKnownFileType = sourcecode.swift; path = AddEditTaskViewController.swift; sourceTree = "<group>"; };
		669359C724A9AC600036F8C1 /* FolderTableViewController.swift */ = {isa = PBXFileReference; lastKnownFileType = sourcecode.swift; path = FolderTableViewController.swift; sourceTree = "<group>"; };
		66F898BE24A84D41003ADFBB /* MoveToViewController.swift */ = {isa = PBXFileReference; lastKnownFileType = sourcecode.swift; path = MoveToViewController.swift; sourceTree = "<group>"; };
		7D3B0F4D24A52A04008BB89E /* todo_Varinder_C0779368.app */ = {isa = PBXFileReference; explicitFileType = wrapper.application; includeInIndex = 0; path = todo_Varinder_C0779368.app; sourceTree = BUILT_PRODUCTS_DIR; };
		7D3B0F5024A52A04008BB89E /* AppDelegate.swift */ = {isa = PBXFileReference; lastKnownFileType = sourcecode.swift; path = AppDelegate.swift; sourceTree = "<group>"; };
		7D3B0F5224A52A04008BB89E /* SceneDelegate.swift */ = {isa = PBXFileReference; lastKnownFileType = sourcecode.swift; path = SceneDelegate.swift; sourceTree = "<group>"; };
		7D3B0F5424A52A04008BB89E /* TaskViewController.swift */ = {isa = PBXFileReference; lastKnownFileType = sourcecode.swift; path = TaskViewController.swift; sourceTree = "<group>"; };
		7D3B0F5724A52A04008BB89E /* Base */ = {isa = PBXFileReference; lastKnownFileType = file.storyboard; name = Base; path = Base.lproj/Main.storyboard; sourceTree = "<group>"; };
		7D3B0F5A24A52A04008BB89E /* todo_Varinder_C0779368.xcdatamodel */ = {isa = PBXFileReference; lastKnownFileType = wrapper.xcdatamodel; path = todo_Varinder_C0779368.xcdatamodel; sourceTree = "<group>"; };
		7D3B0F5C24A52A05008BB89E /* Assets.xcassets */ = {isa = PBXFileReference; lastKnownFileType = folder.assetcatalog; path = Assets.xcassets; sourceTree = "<group>"; };
		7D3B0F5F24A52A05008BB89E /* Base */ = {isa = PBXFileReference; lastKnownFileType = file.storyboard; name = Base; path = Base.lproj/LaunchScreen.storyboard; sourceTree = "<group>"; };
		7D3B0F6124A52A05008BB89E /* Info.plist */ = {isa = PBXFileReference; lastKnownFileType = text.plist.xml; path = Info.plist; sourceTree = "<group>"; };
		7D3B0F6624A52A06008BB89E /* todo_Varinder_C0779368Tests.xctest */ = {isa = PBXFileReference; explicitFileType = wrapper.cfbundle; includeInIndex = 0; path = todo_Varinder_C0779368Tests.xctest; sourceTree = BUILT_PRODUCTS_DIR; };
		7D3B0F6A24A52A06008BB89E /* todo_Varinder_C0779368Tests.swift */ = {isa = PBXFileReference; lastKnownFileType = sourcecode.swift; path = todo_Varinder_C0779368Tests.swift; sourceTree = "<group>"; };
		7D3B0F6C24A52A06008BB89E /* Info.plist */ = {isa = PBXFileReference; lastKnownFileType = text.plist.xml; path = Info.plist; sourceTree = "<group>"; };
		7D3B0F7124A52A06008BB89E /* todo_Varinder_C0779368UITests.xctest */ = {isa = PBXFileReference; explicitFileType = wrapper.cfbundle; includeInIndex = 0; path = todo_Varinder_C0779368UITests.xctest; sourceTree = BUILT_PRODUCTS_DIR; };
		7D3B0F7524A52A06008BB89E /* todo_Varinder_C0779368UITests.swift */ = {isa = PBXFileReference; lastKnownFileType = sourcecode.swift; path = todo_Varinder_C0779368UITests.swift; sourceTree = "<group>"; };
		7D3B0F7724A52A06008BB89E /* Info.plist */ = {isa = PBXFileReference; lastKnownFileType = text.plist.xml; path = Info.plist; sourceTree = "<group>"; };
/* End PBXFileReference section */

/* Begin PBXFrameworksBuildPhase section */
		7D3B0F4A24A52A04008BB89E /* Frameworks */ = {
			isa = PBXFrameworksBuildPhase;
			buildActionMask = 2147483647;
			files = (
			);
			runOnlyForDeploymentPostprocessing = 0;
		};
		7D3B0F6324A52A06008BB89E /* Frameworks */ = {
			isa = PBXFrameworksBuildPhase;
			buildActionMask = 2147483647;
			files = (
			);
			runOnlyForDeploymentPostprocessing = 0;
		};
		7D3B0F6E24A52A06008BB89E /* Frameworks */ = {
			isa = PBXFrameworksBuildPhase;
			buildActionMask = 2147483647;
			files = (
			);
			runOnlyForDeploymentPostprocessing = 0;
		};
/* End PBXFrameworksBuildPhase section */

/* Begin PBXGroup section */
		7D3B0F4424A52A04008BB89E = {
			isa = PBXGroup;
			children = (
				7D3B0F4F24A52A04008BB89E /* todo_Varinder_C0779368 */,
				7D3B0F6924A52A06008BB89E /* todo_Varinder_C0779368Tests */,
				7D3B0F7424A52A06008BB89E /* todo_Varinder_C0779368UITests */,
				7D3B0F4E24A52A04008BB89E /* Products */,
			);
			sourceTree = "<group>";
		};
		7D3B0F4E24A52A04008BB89E /* Products */ = {
			isa = PBXGroup;
			children = (
				7D3B0F4D24A52A04008BB89E /* todo_Varinder_C0779368.app */,
				7D3B0F6624A52A06008BB89E /* todo_Varinder_C0779368Tests.xctest */,
				7D3B0F7124A52A06008BB89E /* todo_Varinder_C0779368UITests.xctest */,
			);
			name = Products;
			sourceTree = "<group>";
		};
		7D3B0F4F24A52A04008BB89E /* todo_Varinder_C0779368 */ = {
			isa = PBXGroup;
			children = (
				7D3B0F5024A52A04008BB89E /* AppDelegate.swift */,
				7D3B0F5224A52A04008BB89E /* SceneDelegate.swift */,
				7D3B0F5424A52A04008BB89E /* TaskViewController.swift */,
				7D3B0F5624A52A04008BB89E /* Main.storyboard */,
				7D3B0F5C24A52A05008BB89E /* Assets.xcassets */,
				7D3B0F5E24A52A05008BB89E /* LaunchScreen.storyboard */,
				7D3B0F6124A52A05008BB89E /* Info.plist */,
				7D3B0F5924A52A04008BB89E /* todo_Varinder_C0779368.xcdatamodeld */,
				665BE6DC24A7CF3700C5BA19 /* AddEditTaskViewController.swift */,
				66F898BE24A84D41003ADFBB /* MoveToViewController.swift */,
				669359C724A9AC600036F8C1 /* FolderTableViewController.swift */,
			);
			path = todo_Varinder_C0779368;
			sourceTree = "<group>";
		};
		7D3B0F6924A52A06008BB89E /* todo_Varinder_C0779368Tests */ = {
			isa = PBXGroup;
			children = (
				7D3B0F6A24A52A06008BB89E /* todo_Varinder_C0779368Tests.swift */,
				7D3B0F6C24A52A06008BB89E /* Info.plist */,
			);
			path = todo_Varinder_C0779368Tests;
			sourceTree = "<group>";
		};
		7D3B0F7424A52A06008BB89E /* todo_Varinder_C0779368UITests */ = {
			isa = PBXGroup;
			children = (
				7D3B0F7524A52A06008BB89E /* todo_Varinder_C0779368UITests.swift */,
				7D3B0F7724A52A06008BB89E /* Info.plist */,
			);
			path = todo_Varinder_C0779368UITests;
			sourceTree = "<group>";
		};
/* End PBXGroup section */

/* Begin PBXNativeTarget section */
		7D3B0F4C24A52A04008BB89E /* todo_Varinder_C0779368 */ = {
			isa = PBXNativeTarget;
			buildConfigurationList = 7D3B0F7A24A52A06008BB89E /* Build configuration list for PBXNativeTarget "todo_Varinder_C0779368" */;
			buildPhases = (
				7D3B0F4924A52A04008BB89E /* Sources */,
				7D3B0F4A24A52A04008BB89E /* Frameworks */,
				7D3B0F4B24A52A04008BB89E /* Resources */,
			);
			buildRules = (
			);
			dependencies = (
			);
			name = todo_Varinder_C0779368;
			productName = todo_Varinder_C0779368;
			productReference = 7D3B0F4D24A52A04008BB89E /* todo_Varinder_C0779368.app */;
			productType = "com.apple.product-type.application";
		};
		7D3B0F6524A52A06008BB89E /* todo_Varinder_C0779368Tests */ = {
			isa = PBXNativeTarget;
			buildConfigurationList = 7D3B0F7D24A52A06008BB89E /* Build configuration list for PBXNativeTarget "todo_Varinder_C0779368Tests" */;
			buildPhases = (
				7D3B0F6224A52A06008BB89E /* Sources */,
				7D3B0F6324A52A06008BB89E /* Frameworks */,
				7D3B0F6424A52A06008BB89E /* Resources */,
			);
			buildRules = (
			);
			dependencies = (
				7D3B0F6824A52A06008BB89E /* PBXTargetDependency */,
			);
			name = todo_Varinder_C0779368Tests;
			productName = todo_Varinder_C0779368Tests;
			productReference = 7D3B0F6624A52A06008BB89E /* todo_Varinder_C0779368Tests.xctest */;
			productType = "com.apple.product-type.bundle.unit-test";
		};
		7D3B0F7024A52A06008BB89E /* todo_Varinder_C0779368UITests */ = {
			isa = PBXNativeTarget;
			buildConfigurationList = 7D3B0F8024A52A06008BB89E /* Build configuration list for PBXNativeTarget "todo_Varinder_C0779368UITests" */;
			buildPhases = (
				7D3B0F6D24A52A06008BB89E /* Sources */,
				7D3B0F6E24A52A06008BB89E /* Frameworks */,
				7D3B0F6F24A52A06008BB89E /* Resources */,
			);
			buildRules = (
			);
			dependencies = (
				7D3B0F7324A52A06008BB89E /* PBXTargetDependency */,
			);
			name = todo_Varinder_C0779368UITests;
			productName = todo_Varinder_C0779368UITests;
			productReference = 7D3B0F7124A52A06008BB89E /* todo_Varinder_C0779368UITests.xctest */;
			productType = "com.apple.product-type.bundle.ui-testing";
		};
/* End PBXNativeTarget section */

/* Begin PBXProject section */
		7D3B0F4524A52A04008BB89E /* Project object */ = {
			isa = PBXProject;
			attributes = {
				LastSwiftUpdateCheck = 1150;
				LastUpgradeCheck = 1150;
				ORGANIZATIONNAME = "Varinder Chahal";
				TargetAttributes = {
					7D3B0F4C24A52A04008BB89E = {
						CreatedOnToolsVersion = 11.5;
					};
					7D3B0F6524A52A06008BB89E = {
						CreatedOnToolsVersion = 11.5;
						TestTargetID = 7D3B0F4C24A52A04008BB89E;
					};
					7D3B0F7024A52A06008BB89E = {
						CreatedOnToolsVersion = 11.5;
						TestTargetID = 7D3B0F4C24A52A04008BB89E;
					};
				};
			};
			buildConfigurationList = 7D3B0F4824A52A04008BB89E /* Build configuration list for PBXProject "todo_Varinder_C0779368" */;
			compatibilityVersion = "Xcode 9.3";
			developmentRegion = en;
			hasScannedForEncodings = 0;
			knownRegions = (
				en,
				Base,
			);
			mainGroup = 7D3B0F4424A52A04008BB89E;
			productRefGroup = 7D3B0F4E24A52A04008BB89E /* Products */;
			projectDirPath = "";
			projectRoot = "";
			targets = (
				7D3B0F4C24A52A04008BB89E /* todo_Varinder_C0779368 */,
				7D3B0F6524A52A06008BB89E /* todo_Varinder_C0779368Tests */,
				7D3B0F7024A52A06008BB89E /* todo_Varinder_C0779368UITests */,
			);
		};
/* End PBXProject section */

/* Begin PBXResourcesBuildPhase section */
		7D3B0F4B24A52A04008BB89E /* Resources */ = {
			isa = PBXResourcesBuildPhase;
			buildActionMask = 2147483647;
			files = (
				7D3B0F6024A52A05008BB89E /* LaunchScreen.storyboard in Resources */,
				7D3B0F5D24A52A05008BB89E /* Assets.xcassets in Resources */,
				7D3B0F5824A52A04008BB89E /* Main.storyboard in Resources */,
			);
			runOnlyForDeploymentPostprocessing = 0;
		};
		7D3B0F6424A52A06008BB89E /* Resources */ = {
			isa = PBXResourcesBuildPhase;
			buildActionMask = 2147483647;
			files = (
			);
			runOnlyForDeploymentPostprocessing = 0;
		};
		7D3B0F6F24A52A06008BB89E /* Resources */ = {
			isa = PBXResourcesBuildPhase;
			buildActionMask = 2147483647;
			files = (
			);
			runOnlyForDeploymentPostprocessing = 0;
		};
/* End PBXResourcesBuildPhase section */

/* Begin PBXSourcesBuildPhase section */
		7D3B0F4924A52A04008BB89E /* Sources */ = {
			isa = PBXSourcesBuildPhase;
			buildActionMask = 2147483647;
			files = (
				7D3B0F5524A52A04008BB89E /* TaskViewController.swift in Sources */,
				665BE6DD24A7CF3700C5BA19 /* AddEditTaskViewController.swift in Sources */,
				7D3B0F5B24A52A04008BB89E /* todo_Varinder_C0779368.xcdatamodeld in Sources */,
				7D3B0F5124A52A04008BB89E /* AppDelegate.swift in Sources */,
				66F898BF24A84D41003ADFBB /* MoveToViewController.swift in Sources */,
				669359C824A9AC600036F8C1 /* FolderTableViewController.swift in Sources */,
				7D3B0F5324A52A04008BB89E /* SceneDelegate.swift in Sources */,
			);
			runOnlyForDeploymentPostprocessing = 0;
		};
		7D3B0F6224A52A06008BB89E /* Sources */ = {
			isa = PBXSourcesBuildPhase;
			buildActionMask = 2147483647;
			files = (
				7D3B0F6B24A52A06008BB89E /* todo_Varinder_C0779368Tests.swift in Sources */,
			);
			runOnlyForDeploymentPostprocessing = 0;
		};
		7D3B0F6D24A52A06008BB89E /* Sources */ = {
			isa = PBXSourcesBuildPhase;
			buildActionMask = 2147483647;
			files = (
				7D3B0F7624A52A06008BB89E /* todo_Varinder_C0779368UITests.swift in Sources */,
			);
			runOnlyForDeploymentPostprocessing = 0;
		};
/* End PBXSourcesBuildPhase section */

/* Begin PBXTargetDependency section */
		7D3B0F6824A52A06008BB89E /* PBXTargetDependency */ = {
			isa = PBXTargetDependency;
			target = 7D3B0F4C24A52A04008BB89E /* todo_Varinder_C0779368 */;
			targetProxy = 7D3B0F6724A52A06008BB89E /* PBXContainerItemProxy */;
		};
		7D3B0F7324A52A06008BB89E /* PBXTargetDependency */ = {
			isa = PBXTargetDependency;
			target = 7D3B0F4C24A52A04008BB89E /* todo_Varinder_C0779368 */;
			targetProxy = 7D3B0F7224A52A06008BB89E /* PBXContainerItemProxy */;
		};
/* End PBXTargetDependency section */

/* Begin PBXVariantGroup section */
		7D3B0F5624A52A04008BB89E /* Main.storyboard */ = {
			isa = PBXVariantGroup;
			children = (
				7D3B0F5724A52A04008BB89E /* Base */,
			);
			name = Main.storyboard;
			sourceTree = "<group>";
		};
		7D3B0F5E24A52A05008BB89E /* LaunchScreen.storyboard */ = {
			isa = PBXVariantGroup;
			children = (
				7D3B0F5F24A52A05008BB89E /* Base */,
			);
			name = LaunchScreen.storyboard;
			sourceTree = "<group>";
		};
/* End PBXVariantGroup section */

/* Begin XCBuildConfiguration section */
		7D3B0F7824A52A06008BB89E /* Debug */ = {
			isa = XCBuildConfiguration;
			buildSettings = {
				ALWAYS_SEARCH_USER_PATHS = NO;
				CLANG_ANALYZER_NONNULL = YES;
				CLANG_ANALYZER_NUMBER_OBJECT_CONVERSION = YES_AGGRESSIVE;
				CLANG_CXX_LANGUAGE_STANDARD = "gnu++14";
				CLANG_CXX_LIBRARY = "libc++";
				CLANG_ENABLE_MODULES = YES;
				CLANG_ENABLE_OBJC_ARC = YES;
				CLANG_ENABLE_OBJC_WEAK = YES;
				CLANG_WARN_BLOCK_CAPTURE_AUTORELEASING = YES;
				CLANG_WARN_BOOL_CONVERSION = YES;
				CLANG_WARN_COMMA = YES;
				CLANG_WARN_CONSTANT_CONVERSION = YES;
				CLANG_WARN_DEPRECATED_OBJC_IMPLEMENTATIONS = YES;
				CLANG_WARN_DIRECT_OBJC_ISA_USAGE = YES_ERROR;
				CLANG_WARN_DOCUMENTATION_COMMENTS = YES;
				CLANG_WARN_EMPTY_BODY = YES;
				CLANG_WARN_ENUM_CONVERSION = YES;
				CLANG_WARN_INFINITE_RECURSION = YES;
				CLANG_WARN_INT_CONVERSION = YES;
				CLANG_WARN_NON_LITERAL_NULL_CONVERSION = YES;
				CLANG_WARN_OBJC_IMPLICIT_RETAIN_SELF = YES;
				CLANG_WARN_OBJC_LITERAL_CONVERSION = YES;
				CLANG_WARN_OBJC_ROOT_CLASS = YES_ERROR;
				CLANG_WARN_RANGE_LOOP_ANALYSIS = YES;
				CLANG_WARN_STRICT_PROTOTYPES = YES;
				CLANG_WARN_SUSPICIOUS_MOVE = YES;
				CLANG_WARN_UNGUARDED_AVAILABILITY = YES_AGGRESSIVE;
				CLANG_WARN_UNREACHABLE_CODE = YES;
				CLANG_WARN__DUPLICATE_METHOD_MATCH = YES;
				COPY_PHASE_STRIP = NO;
				DEBUG_INFORMATION_FORMAT = dwarf;
				ENABLE_STRICT_OBJC_MSGSEND = YES;
				ENABLE_TESTABILITY = YES;
				GCC_C_LANGUAGE_STANDARD = gnu11;
				GCC_DYNAMIC_NO_PIC = NO;
				GCC_NO_COMMON_BLOCKS = YES;
				GCC_OPTIMIZATION_LEVEL = 0;
				GCC_PREPROCESSOR_DEFINITIONS = (
					"DEBUG=1",
					"$(inherited)",
				);
				GCC_WARN_64_TO_32_BIT_CONVERSION = YES;
				GCC_WARN_ABOUT_RETURN_TYPE = YES_ERROR;
				GCC_WARN_UNDECLARED_SELECTOR = YES;
				GCC_WARN_UNINITIALIZED_AUTOS = YES_AGGRESSIVE;
				GCC_WARN_UNUSED_FUNCTION = YES;
				GCC_WARN_UNUSED_VARIABLE = YES;
				IPHONEOS_DEPLOYMENT_TARGET = 13.5;
				MTL_ENABLE_DEBUG_INFO = INCLUDE_SOURCE;
				MTL_FAST_MATH = YES;
				ONLY_ACTIVE_ARCH = YES;
				SDKROOT = iphoneos;
				SWIFT_ACTIVE_COMPILATION_CONDITIONS = DEBUG;
				SWIFT_OPTIMIZATION_LEVEL = "-Onone";
			};
			name = Debug;
		};
		7D3B0F7924A52A06008BB89E /* Release */ = {
			isa = XCBuildConfiguration;
			buildSettings = {
				ALWAYS_SEARCH_USER_PATHS = NO;
				CLANG_ANALYZER_NONNULL = YES;
				CLANG_ANALYZER_NUMBER_OBJECT_CONVERSION = YES_AGGRESSIVE;
				CLANG_CXX_LANGUAGE_STANDARD = "gnu++14";
				CLANG_CXX_LIBRARY = "libc++";
				CLANG_ENABLE_MODULES = YES;
				CLANG_ENABLE_OBJC_ARC = YES;
				CLANG_ENABLE_OBJC_WEAK = YES;
				CLANG_WARN_BLOCK_CAPTURE_AUTORELEASING = YES;
				CLANG_WARN_BOOL_CONVERSION = YES;
				CLANG_WARN_COMMA = YES;
				CLANG_WARN_CONSTANT_CONVERSION = YES;
				CLANG_WARN_DEPRECATED_OBJC_IMPLEMENTATIONS = YES;
				CLANG_WARN_DIRECT_OBJC_ISA_USAGE = YES_ERROR;
				CLANG_WARN_DOCUMENTATION_COMMENTS = YES;
				CLANG_WARN_EMPTY_BODY = YES;
				CLANG_WARN_ENUM_CONVERSION = YES;
				CLANG_WARN_INFINITE_RECURSION = YES;
				CLANG_WARN_INT_CONVERSION = YES;
				CLANG_WARN_NON_LITERAL_NULL_CONVERSION = YES;
				CLANG_WARN_OBJC_IMPLICIT_RETAIN_SELF = YES;
				CLANG_WARN_OBJC_LITERAL_CONVERSION = YES;
				CLANG_WARN_OBJC_ROOT_CLASS = YES_ERROR;
				CLANG_WARN_RANGE_LOOP_ANALYSIS = YES;
				CLANG_WARN_STRICT_PROTOTYPES = YES;
				CLANG_WARN_SUSPICIOUS_MOVE = YES;
				CLANG_WARN_UNGUARDED_AVAILABILITY = YES_AGGRESSIVE;
				CLANG_WARN_UNREACHABLE_CODE = YES;
				CLANG_WARN__DUPLICATE_METHOD_MATCH = YES;
				COPY_PHASE_STRIP = NO;
				DEBUG_INFORMATION_FORMAT = "dwarf-with-dsym";
				ENABLE_NS_ASSERTIONS = NO;
				ENABLE_STRICT_OBJC_MSGSEND = YES;
				GCC_C_LANGUAGE_STANDARD = gnu11;
				GCC_NO_COMMON_BLOCKS = YES;
				GCC_WARN_64_TO_32_BIT_CONVERSION = YES;
				GCC_WARN_ABOUT_RETURN_TYPE = YES_ERROR;
				GCC_WARN_UNDECLARED_SELECTOR = YES;
				GCC_WARN_UNINITIALIZED_AUTOS = YES_AGGRESSIVE;
				GCC_WARN_UNUSED_FUNCTION = YES;
				GCC_WARN_UNUSED_VARIABLE = YES;
				IPHONEOS_DEPLOYMENT_TARGET = 13.5;
				MTL_ENABLE_DEBUG_INFO = NO;
				MTL_FAST_MATH = YES;
				SDKROOT = iphoneos;
				SWIFT_COMPILATION_MODE = wholemodule;
				SWIFT_OPTIMIZATION_LEVEL = "-O";
				VALIDATE_PRODUCT = YES;
			};
			name = Release;
		};
		7D3B0F7B24A52A06008BB89E /* Debug */ = {
			isa = XCBuildConfiguration;
			buildSettings = {
				ASSETCATALOG_COMPILER_APPICON_NAME = AppIcon;
				CODE_SIGN_STYLE = Automatic;
				INFOPLIST_FILE = todo_Varinder_C0779368/Info.plist;
				IPHONEOS_DEPLOYMENT_TARGET = 13.0;
				LD_RUNPATH_SEARCH_PATHS = (
					"$(inherited)",
					"@executable_path/Frameworks",
				);
				PRODUCT_BUNDLE_IDENTIFIER = "varinder.todo-Varinder-C0779368";
				PRODUCT_NAME = "$(TARGET_NAME)";
				SWIFT_VERSION = 5.0;
				TARGETED_DEVICE_FAMILY = "1,2";
			};
			name = Debug;
		};
		7D3B0F7C24A52A06008BB89E /* Release */ = {
			isa = XCBuildConfiguration;
			buildSettings = {
				ASSETCATALOG_COMPILER_APPICON_NAME = AppIcon;
				CODE_SIGN_STYLE = Automatic;
				INFOPLIST_FILE = todo_Varinder_C0779368/Info.plist;
				IPHONEOS_DEPLOYMENT_TARGET = 13.0;
				LD_RUNPATH_SEARCH_PATHS = (
					"$(inherited)",
					"@executable_path/Frameworks",
				);
				PRODUCT_BUNDLE_IDENTIFIER = "varinder.todo-Varinder-C0779368";
				PRODUCT_NAME = "$(TARGET_NAME)";
				SWIFT_VERSION = 5.0;
				TARGETED_DEVICE_FAMILY = "1,2";
			};
			name = Release;
		};
		7D3B0F7E24A52A06008BB89E /* Debug */ = {
			isa = XCBuildConfiguration;
			buildSettings = {
				ALWAYS_EMBED_SWIFT_STANDARD_LIBRARIES = YES;
				BUNDLE_LOADER = "$(TEST_HOST)";
				CODE_SIGN_STYLE = Automatic;
				INFOPLIST_FILE = todo_Varinder_C0779368Tests/Info.plist;
				IPHONEOS_DEPLOYMENT_TARGET = 13.5;
				LD_RUNPATH_SEARCH_PATHS = (
					"$(inherited)",
					"@executable_path/Frameworks",
					"@loader_path/Frameworks",
				);
				PRODUCT_BUNDLE_IDENTIFIER = "varinder.todo-Varinder-C0779368Tests";
				PRODUCT_NAME = "$(TARGET_NAME)";
				SWIFT_VERSION = 5.0;
				TARGETED_DEVICE_FAMILY = "1,2";
				TEST_HOST = "$(BUILT_PRODUCTS_DIR)/todo_Varinder_C0779368.app/todo_Varinder_C0779368";
			};
			name = Debug;
		};
		7D3B0F7F24A52A06008BB89E /* Release */ = {
			isa = XCBuildConfiguration;
			buildSettings = {
				ALWAYS_EMBED_SWIFT_STANDARD_LIBRARIES = YES;
				BUNDLE_LOADER = "$(TEST_HOST)";
				CODE_SIGN_STYLE = Automatic;
				INFOPLIST_FILE = todo_Varinder_C0779368Tests/Info.plist;
				IPHONEOS_DEPLOYMENT_TARGET = 13.5;
				LD_RUNPATH_SEARCH_PATHS = (
					"$(inherited)",
					"@executable_path/Frameworks",
					"@loader_path/Frameworks",
				);
				PRODUCT_BUNDLE_IDENTIFIER = "varinder.todo-Varinder-C0779368Tests";
				PRODUCT_NAME = "$(TARGET_NAME)";
				SWIFT_VERSION = 5.0;
				TARGETED_DEVICE_FAMILY = "1,2";
				TEST_HOST = "$(BUILT_PRODUCTS_DIR)/todo_Varinder_C0779368.app/todo_Varinder_C0779368";
			};
			name = Release;
		};
		7D3B0F8124A52A06008BB89E /* Debug */ = {
			isa = XCBuildConfiguration;
			buildSettings = {
				ALWAYS_EMBED_SWIFT_STANDARD_LIBRARIES = YES;
				CODE_SIGN_STYLE = Automatic;
				INFOPLIST_FILE = todo_Varinder_C0779368UITests/Info.plist;
				LD_RUNPATH_SEARCH_PATHS = (
					"$(inherited)",
					"@executable_path/Frameworks",
					"@loader_path/Frameworks",
				);
				PRODUCT_BUNDLE_IDENTIFIER = "varinder.todo-Varinder-C0779368UITests";
				PRODUCT_NAME = "$(TARGET_NAME)";
				SWIFT_VERSION = 5.0;
				TARGETED_DEVICE_FAMILY = "1,2";
				TEST_TARGET_NAME = todo_Varinder_C0779368;
			};
			name = Debug;
		};
		7D3B0F8224A52A06008BB89E /* Release */ = {
			isa = XCBuildConfiguration;
			buildSettings = {
				ALWAYS_EMBED_SWIFT_STANDARD_LIBRARIES = YES;
				CODE_SIGN_STYLE = Automatic;
				INFOPLIST_FILE = todo_Varinder_C0779368UITests/Info.plist;
				LD_RUNPATH_SEARCH_PATHS = (
					"$(inherited)",
					"@executable_path/Frameworks",
					"@loader_path/Frameworks",
				);
				PRODUCT_BUNDLE_IDENTIFIER = "varinder.todo-Varinder-C0779368UITests";
				PRODUCT_NAME = "$(TARGET_NAME)";
				SWIFT_VERSION = 5.0;
				TARGETED_DEVICE_FAMILY = "1,2";
				TEST_TARGET_NAME = todo_Varinder_C0779368;
			};
			name = Release;
		};
/* End XCBuildConfiguration section */

/* Begin XCConfigurationList section */
		7D3B0F4824A52A04008BB89E /* Build configuration list for PBXProject "todo_Varinder_C0779368" */ = {
			isa = XCConfigurationList;
			buildConfigurations = (
				7D3B0F7824A52A06008BB89E /* Debug */,
				7D3B0F7924A52A06008BB89E /* Release */,
			);
			defaultConfigurationIsVisible = 0;
			defaultConfigurationName = Release;
		};
		7D3B0F7A24A52A06008BB89E /* Build configuration list for PBXNativeTarget "todo_Varinder_C0779368" */ = {
			isa = XCConfigurationList;
			buildConfigurations = (
				7D3B0F7B24A52A06008BB89E /* Debug */,
				7D3B0F7C24A52A06008BB89E /* Release */,
			);
			defaultConfigurationIsVisible = 0;
			defaultConfigurationName = Release;
		};
		7D3B0F7D24A52A06008BB89E /* Build configuration list for PBXNativeTarget "todo_Varinder_C0779368Tests" */ = {
			isa = XCConfigurationList;
			buildConfigurations = (
				7D3B0F7E24A52A06008BB89E /* Debug */,
				7D3B0F7F24A52A06008BB89E /* Release */,
			);
			defaultConfigurationIsVisible = 0;
			defaultConfigurationName = Release;
		};
		7D3B0F8024A52A06008BB89E /* Build configuration list for PBXNativeTarget "todo_Varinder_C0779368UITests" */ = {
			isa = XCConfigurationList;
			buildConfigurations = (
				7D3B0F8124A52A06008BB89E /* Debug */,
				7D3B0F8224A52A06008BB89E /* Release */,
			);
			defaultConfigurationIsVisible = 0;
			defaultConfigurationName = Release;
		};
/* End XCConfigurationList section */

/* Begin XCVersionGroup section */
		7D3B0F5924A52A04008BB89E /* todo_Varinder_C0779368.xcdatamodeld */ = {
			isa = XCVersionGroup;
			children = (
				7D3B0F5A24A52A04008BB89E /* todo_Varinder_C0779368.xcdatamodel */,
			);
			currentVersion = 7D3B0F5A24A52A04008BB89E /* todo_Varinder_C0779368.xcdatamodel */;
			path = todo_Varinder_C0779368.xcdatamodeld;
			sourceTree = "<group>";
			versionGroupType = wrapper.xcdatamodel;
		};
/* End XCVersionGroup section */
	};
	rootObject = 7D3B0F4524A52A04008BB89E /* Project object */;
}
